
Microsoft Visual Studio Solution File, Format Version 12.00
# Visual Studio Version 17
VisualStudioVersion = 17.5.002.0
MinimumVisualStudioVersion = 10.0.40219.1
Project("{2150E333-8FDC-42A3-9474-1A3956D46DE8}") = "extensions", "extensions", "{AC2B3853-9479-4794-8C45-C5ED6AD15F49}"
EndProject
Project("{9A19103F-16F7-4668-BE54-9A1E7A4F7556}") = "quic", "extensions\quic\quic.csproj", "{5047EDE0-D01B-4F71-9020-018B28CC96D7}"
EndProject
Global
	GlobalSection(SolutionConfigurationPlatforms) = preSolution
		Debug|Any CPU = Debug|Any CPU
		Release|Any CPU = Release|Any CPU
	EndGlobalSection
	GlobalSection(ProjectConfigurationPlatforms) = postSolution
		{5047EDE0-D01B-4F71-9020-018B28CC96D7}.Debug|Any CPU.ActiveCfg = Debug|Any CPU
		{5047EDE0-D01B-4F71-9020-018B28CC96D7}.Debug|Any CPU.Build.0 = Debug|Any CPU
		{5047EDE0-D01B-4F71-9020-018B28CC96D7}.Release|Any CPU.ActiveCfg = Release|Any CPU
		{5047EDE0-D01B-4F71-9020-018B28CC96D7}.Release|Any CPU.Build.0 = Release|Any CPU
	EndGlobalSection
	GlobalSection(SolutionProperties) = preSolution
		HideSolutionNode = FALSE
	EndGlobalSection
	GlobalSection(NestedProjects) = preSolution
		{5047EDE0-D01B-4F71-9020-018B28CC96D7} = {AC2B3853-9479-4794-8C45-C5ED6AD15F49}
	EndGlobalSection
	GlobalSection(ExtensibilityGlobals) = postSolution
		SolutionGuid = {59795670-342F-4CE9-B6E2-15B848094561}
	EndGlobalSection
EndGlobal
