
Microsoft Visual Studio Solution File, Format Version 12.00
# Visual Studio Version 17
VisualStudioVersion = 17.5.002.0
MinimumVisualStudioVersion = 10.0.40219.1
Project("{2150E333-8FDC-42A3-9474-1A3956D46DE8}") = "extensions", "extensions", "{E70B8ECD-8612-4F21-A95E-6EE34BC857C5}"
EndProject
Project("{9A19103F-16F7-4668-BE54-9A1E7A4F7556}") = "QuicServer", "extensions\QuicServer\QuicServer.csproj", "{D54C7F24-285F-47C2-ADF9-ED3523B76C72}"
EndProject
Global
	GlobalSection(SolutionConfigurationPlatforms) = preSolution
		Debug|Any CPU = Debug|Any CPU
		Release|Any CPU = Release|Any CPU
	EndGlobalSection
	GlobalSection(ProjectConfigurationPlatforms) = postSolution
		{D54C7F24-285F-47C2-ADF9-ED3523B76C72}.Debug|Any CPU.ActiveCfg = Debug|Any CPU
		{D54C7F24-285F-47C2-ADF9-ED3523B76C72}.Debug|Any CPU.Build.0 = Debug|Any CPU
		{D54C7F24-285F-47C2-ADF9-ED3523B76C72}.Release|Any CPU.ActiveCfg = Release|Any CPU
		{D54C7F24-285F-47C2-ADF9-ED3523B76C72}.Release|Any CPU.Build.0 = Release|Any CPU
	EndGlobalSection
	GlobalSection(SolutionProperties) = preSolution
		HideSolutionNode = FALSE
	EndGlobalSection
	GlobalSection(NestedProjects) = preSolution
		{D54C7F24-285F-47C2-ADF9-ED3523B76C72} = {E70B8ECD-8612-4F21-A95E-6EE34BC857C5}
	EndGlobalSection
	GlobalSection(ExtensibilityGlobals) = postSolution
		SolutionGuid = {4FB6E10D-1EE9-4271-AECD-C55C6DCDF679}
	EndGlobalSection
EndGlobal
